
Microsoft Visual Studio Solution File, Format Version 12.00
# Visual Studio 15
VisualStudioVersion = 15.0.28307.329
MinimumVisualStudioVersion = 10.0.40219.1
Project("{8BC9CEB8-8B4A-11D0-8D11-00A0C91BC942}") = "CPlusPlusLibrary", "CPlusPlusLibrary\CPlusPlusLibrary.vcxproj", "{96EA0FC9-776C-4181-9CDF-24CA1FF721AE}"
EndProject
Project("{FAE04EC0-301F-11D3-BF4B-00C04F79EFBC}") = "CSharpConsole", "CSharpConsole\CSharpConsole.csproj", "{298B7AE0-AD27-4C49-8758-E3E3CD1A5287}"
EndProject
Global
	GlobalSection(SolutionConfigurationPlatforms) = preSolution
		Debug|Any CPU = Debug|Any CPU
		Debug|x64 = Debug|x64
		Debug|x86 = Debug|x86
		Release|Any CPU = Release|Any CPU
		Release|x64 = Release|x64
		Release|x86 = Release|x86
	EndGlobalSection
	GlobalSection(ProjectConfigurationPlatforms) = postSolution
		{96EA0FC9-776C-4181-9CDF-24CA1FF721AE}.Debug|Any CPU.ActiveCfg = Debug|Win32
		{96EA0FC9-776C-4181-9CDF-24CA1FF721AE}.Debug|x64.ActiveCfg = Debug|x64
		{96EA0FC9-776C-4181-9CDF-24CA1FF721AE}.Debug|x64.Build.0 = Debug|x64
		{96EA0FC9-776C-4181-9CDF-24CA1FF721AE}.Debug|x86.ActiveCfg = Debug|Win32
		{96EA0FC9-776C-4181-9CDF-24CA1FF721AE}.Debug|x86.Build.0 = Debug|Win32
		{96EA0FC9-776C-4181-9CDF-24CA1FF721AE}.Release|Any CPU.ActiveCfg = Release|Win32
		{96EA0FC9-776C-4181-9CDF-24CA1FF721AE}.Release|x64.ActiveCfg = Release|x64
		{96EA0FC9-776C-4181-9CDF-24CA1FF721AE}.Release|x64.Build.0 = Release|x64
		{96EA0FC9-776C-4181-9CDF-24CA1FF721AE}.Release|x86.ActiveCfg = Release|Win32
		{96EA0FC9-776C-4181-9CDF-24CA1FF721AE}.Release|x86.Build.0 = Release|Win32
		{298B7AE0-AD27-4C49-8758-E3E3CD1A5287}.Debug|Any CPU.ActiveCfg = Debug|Any CPU
		{298B7AE0-AD27-4C49-8758-E3E3CD1A5287}.Debug|Any CPU.Build.0 = Debug|Any CPU
		{298B7AE0-AD27-4C49-8758-E3E3CD1A5287}.Debug|x64.ActiveCfg = Debug|Any CPU
		{298B7AE0-AD27-4C49-8758-E3E3CD1A5287}.Debug|x64.Build.0 = Debug|Any CPU
		{298B7AE0-AD27-4C49-8758-E3E3CD1A5287}.Debug|x86.ActiveCfg = Debug|Any CPU
		{298B7AE0-AD27-4C49-8758-E3E3CD1A5287}.Debug|x86.Build.0 = Debug|Any CPU
		{298B7AE0-AD27-4C49-8758-E3E3CD1A5287}.Release|Any CPU.ActiveCfg = Release|Any CPU
		{298B7AE0-AD27-4C49-8758-E3E3CD1A5287}.Release|Any CPU.Build.0 = Release|Any CPU
		{298B7AE0-AD27-4C49-8758-E3E3CD1A5287}.Release|x64.ActiveCfg = Release|Any CPU
		{298B7AE0-AD27-4C49-8758-E3E3CD1A5287}.Release|x64.Build.0 = Release|Any CPU
		{298B7AE0-AD27-4C49-8758-E3E3CD1A5287}.Release|x86.ActiveCfg = Release|Any CPU
		{298B7AE0-AD27-4C49-8758-E3E3CD1A5287}.Release|x86.Build.0 = Release|Any CPU
	EndGlobalSection
	GlobalSection(SolutionProperties) = preSolution
		HideSolutionNode = FALSE
	EndGlobalSection
	GlobalSection(ExtensibilityGlobals) = postSolution
		SolutionGuid = {AA5E26EC-1301-4CAB-A9AE-CFFCD415D33E}
	EndGlobalSection
EndGlobal
